// !$*UTF8*$!
{
	archiveVersion = 1;
	classes = {
	};
	objectVersion = 48;
	objects = {

/* Begin PBXBuildFile section */
		2D494E241FB5EA31004BB81F /* AppDelegate.swift in Sources */ = {isa = PBXBuildFile; fileRef = 2D494E231FB5EA31004BB81F /* AppDelegate.swift */; };
		2D494E261FB5EA31004BB81F /* ViewController.swift in Sources */ = {isa = PBXBuildFile; fileRef = 2D494E251FB5EA31004BB81F /* ViewController.swift */; };
		2D494E291FB5EA31004BB81F /* Main.storyboard in Resources */ = {isa = PBXBuildFile; fileRef = 2D494E271FB5EA31004BB81F /* Main.storyboard */; };
		2D494E2B1FB5EA31004BB81F /* Assets.xcassets in Resources */ = {isa = PBXBuildFile; fileRef = 2D494E2A1FB5EA31004BB81F /* Assets.xcassets */; };
		2D494E2E1FB5EA31004BB81F /* LaunchScreen.storyboard in Resources */ = {isa = PBXBuildFile; fileRef = 2D494E2C1FB5EA31004BB81F /* LaunchScreen.storyboard */; };
		A29DD60446B34846D5A07760 /* Pods_KeychainLocksmith.framework in Frameworks */ = {isa = PBXBuildFile; fileRef = 30B7473CA00D8B824548DF93 /* Pods_KeychainLocksmith.framework */; };
/* End PBXBuildFile section */

/* Begin PBXFileReference section */
		2D494E201FB5EA31004BB81F /* KeychainLocksmith.app */ = {isa = PBXFileReference; explicitFileType = wrapper.application; includeInIndex = 0; path = KeychainLocksmith.app; sourceTree = BUILT_PRODUCTS_DIR; };
		2D494E231FB5EA31004BB81F /* AppDelegate.swift */ = {isa = PBXFileReference; lastKnownFileType = sourcecode.swift; path = AppDelegate.swift; sourceTree = "<group>"; };
		2D494E251FB5EA31004BB81F /* ViewController.swift */ = {isa = PBXFileReference; lastKnownFileType = sourcecode.swift; path = ViewController.swift; sourceTree = "<group>"; };
		2D494E281FB5EA31004BB81F /* Base */ = {isa = PBXFileReference; lastKnownFileType = file.storyboard; name = Base; path = Base.lproj/Main.storyboard; sourceTree = "<group>"; };
		2D494E2A1FB5EA31004BB81F /* Assets.xcassets */ = {isa = PBXFileReference; lastKnownFileType = folder.assetcatalog; path = Assets.xcassets; sourceTree = "<group>"; };
		2D494E2D1FB5EA31004BB81F /* Base */ = {isa = PBXFileReference; lastKnownFileType = file.storyboard; name = Base; path = Base.lproj/LaunchScreen.storyboard; sourceTree = "<group>"; };
		2D494E2F1FB5EA31004BB81F /* Info.plist */ = {isa = PBXFileReference; lastKnownFileType = text.plist.xml; path = Info.plist; sourceTree = "<group>"; };
		30B7473CA00D8B824548DF93 /* Pods_KeychainLocksmith.framework */ = {isa = PBXFileReference; explicitFileType = wrapper.framework; includeInIndex = 0; path = Pods_KeychainLocksmith.framework; sourceTree = BUILT_PRODUCTS_DIR; };
		91B7072D7DBF6F6F2F2167C6 /* Pods-KeychainLocksmith.debug.xcconfig */ = {isa = PBXFileReference; includeInIndex = 1; lastKnownFileType = text.xcconfig; name = "Pods-KeychainLocksmith.debug.xcconfig"; path = "Pods/Target Support Files/Pods-KeychainLocksmith/Pods-KeychainLocksmith.debug.xcconfig"; sourceTree = "<group>"; };
		CE5E953928196DF15D617C05 /* Pods-KeychainLocksmith.release.xcconfig */ = {isa = PBXFileReference; includeInIndex = 1; lastKnownFileType = text.xcconfig; name = "Pods-KeychainLocksmith.release.xcconfig"; path = "Pods/Target Support Files/Pods-KeychainLocksmith/Pods-KeychainLocksmith.release.xcconfig"; sourceTree = "<group>"; };
/* End PBXFileReference section */

/* Begin PBXFrameworksBuildPhase section */
		2D494E1D1FB5EA31004BB81F /* Frameworks */ = {
			isa = PBXFrameworksBuildPhase;
			buildActionMask = 2147483647;
			files = (
				A29DD60446B34846D5A07760 /* Pods_KeychainLocksmith.framework in Frameworks */,
			);
			runOnlyForDeploymentPostprocessing = 0;
		};
/* End PBXFrameworksBuildPhase section */

/* Begin PBXGroup section */
		0D31730EB5EF072E2D00B63D /* Frameworks */ = {
			isa = PBXGroup;
			children = (
				30B7473CA00D8B824548DF93 /* Pods_KeychainLocksmith.framework */,
			);
			name = Frameworks;
			sourceTree = "<group>";
		};
		2D494E171FB5EA31004BB81F = {
			isa = PBXGroup;
			children = (
				2D494E221FB5EA31004BB81F /* KeychainLocksmith */,
				2D494E211FB5EA31004BB81F /* Products */,
				84FC66186F6D1AC5E32A6140 /* Pods */,
				0D31730EB5EF072E2D00B63D /* Frameworks */,
			);
			sourceTree = "<group>";
		};
		2D494E211FB5EA31004BB81F /* Products */ = {
			isa = PBXGroup;
			children = (
				2D494E201FB5EA31004BB81F /* KeychainLocksmith.app */,
			);
			name = Products;
			sourceTree = "<group>";
		};
		2D494E221FB5EA31004BB81F /* KeychainLocksmith */ = {
			isa = PBXGroup;
			children = (
				2D494E231FB5EA31004BB81F /* AppDelegate.swift */,
				2D494E251FB5EA31004BB81F /* ViewController.swift */,
				2D494E2A1FB5EA31004BB81F /* Assets.xcassets */,
				2D494E271FB5EA31004BB81F /* Main.storyboard */,
				2D494E2C1FB5EA31004BB81F /* LaunchScreen.storyboard */,
				2D494E2F1FB5EA31004BB81F /* Info.plist */,
			);
			path = KeychainLocksmith;
			sourceTree = "<group>";
		};
		84FC66186F6D1AC5E32A6140 /* Pods */ = {
			isa = PBXGroup;
			children = (
				91B7072D7DBF6F6F2F2167C6 /* Pods-KeychainLocksmith.debug.xcconfig */,
				CE5E953928196DF15D617C05 /* Pods-KeychainLocksmith.release.xcconfig */,
			);
			name = Pods;
			sourceTree = "<group>";
		};
/* End PBXGroup section */

/* Begin PBXNativeTarget section */
		2D494E1F1FB5EA31004BB81F /* KeychainLocksmith */ = {
			isa = PBXNativeTarget;
			buildConfigurationList = 2D494E321FB5EA31004BB81F /* Build configuration list for PBXNativeTarget "KeychainLocksmith" */;
			buildPhases = (
				D88D619128CD84313EC725DB /* [CP] Check Pods Manifest.lock */,
				2D494E1C1FB5EA31004BB81F /* Sources */,
				2D494E1D1FB5EA31004BB81F /* Frameworks */,
				2D494E1E1FB5EA31004BB81F /* Resources */,
				C5D30AB9977F03AD391A48D9 /* [CP] Embed Pods Frameworks */,
				F2B0609212B96CF6FD612EB8 /* [CP] Copy Pods Resources */,
			);
			buildRules = (
			);
			dependencies = (
			);
			name = KeychainLocksmith;
			productName = KeychainLocksmith;
			productReference = 2D494E201FB5EA31004BB81F /* KeychainLocksmith.app */;
			productType = "com.apple.product-type.application";
		};
/* End PBXNativeTarget section */

/* Begin PBXProject section */
		2D494E181FB5EA31004BB81F /* Project object */ = {
			isa = PBXProject;
			attributes = {
				LastSwiftUpdateCheck = 0910;
				LastUpgradeCheck = 0910;
				ORGANIZATIONNAME = "Jon Olivet";
				TargetAttributes = {
					2D494E1F1FB5EA31004BB81F = {
						CreatedOnToolsVersion = 9.1;
						ProvisioningStyle = Automatic;
					};
				};
			};
			buildConfigurationList = 2D494E1B1FB5EA31004BB81F /* Build configuration list for PBXProject "KeychainLocksmith" */;
			compatibilityVersion = "Xcode 8.0";
			developmentRegion = en;
			hasScannedForEncodings = 0;
			knownRegions = (
				en,
				Base,
			);
			mainGroup = 2D494E171FB5EA31004BB81F;
			productRefGroup = 2D494E211FB5EA31004BB81F /* Products */;
			projectDirPath = "";
			projectRoot = "";
			targets = (
				2D494E1F1FB5EA31004BB81F /* KeychainLocksmith */,
			);
		};
/* End PBXProject section */

/* Begin PBXResourcesBuildPhase section */
		2D494E1E1FB5EA31004BB81F /* Resources */ = {
			isa = PBXResourcesBuildPhase;
			buildActionMask = 2147483647;
			files = (
				2D494E2E1FB5EA31004BB81F /* LaunchScreen.storyboard in Resources */,
				2D494E2B1FB5EA31004BB81F /* Assets.xcassets in Resources */,
				2D494E291FB5EA31004BB81F /* Main.storyboard in Resources */,
			);
			runOnlyForDeploymentPostprocessing = 0;
		};
/* End PBXResourcesBuildPhase section */

/* Begin PBXShellScriptBuildPhase section */
		C5D30AB9977F03AD391A48D9 /* [CP] Embed Pods Frameworks */ = {
			isa = PBXShellScriptBuildPhase;
			buildActionMask = 2147483647;
			files = (
			);
			inputPaths = (
				"${SRCROOT}/Pods/Target Support Files/Pods-KeychainLocksmith/Pods-KeychainLocksmith-frameworks.sh",
				"${BUILT_PRODUCTS_DIR}/Locksmith/Locksmith.framework",
			);
			name = "[CP] Embed Pods Frameworks";
			outputPaths = (
				"${TARGET_BUILD_DIR}/${FRAMEWORKS_FOLDER_PATH}/Locksmith.framework",
			);
			runOnlyForDeploymentPostprocessing = 0;
			shellPath = /bin/sh;
			shellScript = "\"${SRCROOT}/Pods/Target Support Files/Pods-KeychainLocksmith/Pods-KeychainLocksmith-frameworks.sh\"\n";
			showEnvVarsInLog = 0;
		};
		D88D619128CD84313EC725DB /* [CP] Check Pods Manifest.lock */ = {
			isa = PBXShellScriptBuildPhase;
			buildActionMask = 2147483647;
			files = (
			);
			inputPaths = (
				"${PODS_PODFILE_DIR_PATH}/Podfile.lock",
				"${PODS_ROOT}/Manifest.lock",
			);
			name = "[CP] Check Pods Manifest.lock";
			outputPaths = (
				"$(DERIVED_FILE_DIR)/Pods-KeychainLocksmith-checkManifestLockResult.txt",
			);
			runOnlyForDeploymentPostprocessing = 0;
			shellPath = /bin/sh;
			shellScript = "diff \"${PODS_PODFILE_DIR_PATH}/Podfile.lock\" \"${PODS_ROOT}/Manifest.lock\" > /dev/null\nif [ $? != 0 ] ; then\n    # print error to STDERR\n    echo \"error: The sandbox is not in sync with the Podfile.lock. Run 'pod install' or update your CocoaPods installation.\" >&2\n    exit 1\nfi\n# This output is used by Xcode 'outputs' to avoid re-running this script phase.\necho \"SUCCESS\" > \"${SCRIPT_OUTPUT_FILE_0}\"\n";
			showEnvVarsInLog = 0;
		};
		F2B0609212B96CF6FD612EB8 /* [CP] Copy Pods Resources */ = {
			isa = PBXShellScriptBuildPhase;
			buildActionMask = 2147483647;
			files = (
			);
			inputPaths = (
			);
			name = "[CP] Copy Pods Resources";
			outputPaths = (
			);
			runOnlyForDeploymentPostprocessing = 0;
			shellPath = /bin/sh;
			shellScript = "\"${SRCROOT}/Pods/Target Support Files/Pods-KeychainLocksmith/Pods-KeychainLocksmith-resources.sh\"\n";
			showEnvVarsInLog = 0;
		};
/* End PBXShellScriptBuildPhase section */

/* Begin PBXSourcesBuildPhase section */
		2D494E1C1FB5EA31004BB81F /* Sources */ = {
			isa = PBXSourcesBuildPhase;
			buildActionMask = 2147483647;
			files = (
				2D494E261FB5EA31004BB81F /* ViewController.swift in Sources */,
				2D494E241FB5EA31004BB81F /* AppDelegate.swift in Sources */,
			);
			runOnlyForDeploymentPostprocessing = 0;
		};
/* End PBXSourcesBuildPhase section */

/* Begin PBXVariantGroup section */
		2D494E271FB5EA31004BB81F /* Main.storyboard */ = {
			isa = PBXVariantGroup;
			children = (
				2D494E281FB5EA31004BB81F /* Base */,
			);
			name = Main.storyboard;
			sourceTree = "<group>";
		};
		2D494E2C1FB5EA31004BB81F /* LaunchScreen.storyboard */ = {
			isa = PBXVariantGroup;
			children = (
				2D494E2D1FB5EA31004BB81F /* Base */,
			);
			name = LaunchScreen.storyboard;
			sourceTree = "<group>";
		};
/* End PBXVariantGroup section */

/* Begin XCBuildConfiguration section */
		2D494E301FB5EA31004BB81F /* Debug */ = {
			isa = XCBuildConfiguration;
			buildSettings = {
				ALWAYS_SEARCH_USER_PATHS = NO;
				CLANG_ANALYZER_NONNULL = YES;
				CLANG_ANALYZER_NUMBER_OBJECT_CONVERSION = YES_AGGRESSIVE;
				CLANG_CXX_LANGUAGE_STANDARD = "gnu++14";
				CLANG_CXX_LIBRARY = "libc++";
				CLANG_ENABLE_MODULES = YES;
				CLANG_ENABLE_OBJC_ARC = YES;
				CLANG_WARN_BLOCK_CAPTURE_AUTORELEASING = YES;
				CLANG_WARN_BOOL_CONVERSION = YES;
				CLANG_WARN_COMMA = YES;
				CLANG_WARN_CONSTANT_CONVERSION = YES;
				CLANG_WARN_DIRECT_OBJC_ISA_USAGE = YES_ERROR;
				CLANG_WARN_DOCUMENTATION_COMMENTS = YES;
				CLANG_WARN_EMPTY_BODY = YES;
				CLANG_WARN_ENUM_CONVERSION = YES;
				CLANG_WARN_INFINITE_RECURSION = YES;
				CLANG_WARN_INT_CONVERSION = YES;
				CLANG_WARN_NON_LITERAL_NULL_CONVERSION = YES;
				CLANG_WARN_OBJC_LITERAL_CONVERSION = YES;
				CLANG_WARN_OBJC_ROOT_CLASS = YES_ERROR;
				CLANG_WARN_RANGE_LOOP_ANALYSIS = YES;
				CLANG_WARN_STRICT_PROTOTYPES = YES;
				CLANG_WARN_SUSPICIOUS_MOVE = YES;
				CLANG_WARN_UNGUARDED_AVAILABILITY = YES_AGGRESSIVE;
				CLANG_WARN_UNREACHABLE_CODE = YES;
				CLANG_WARN__DUPLICATE_METHOD_MATCH = YES;
				CODE_SIGN_IDENTITY = "iPhone Developer";
				COPY_PHASE_STRIP = NO;
				DEBUG_INFORMATION_FORMAT = dwarf;
				ENABLE_STRICT_OBJC_MSGSEND = YES;
				ENABLE_TESTABILITY = YES;
				GCC_C_LANGUAGE_STANDARD = gnu11;
				GCC_DYNAMIC_NO_PIC = NO;
				GCC_NO_COMMON_BLOCKS = YES;
				GCC_OPTIMIZATION_LEVEL = 0;
				GCC_PREPROCESSOR_DEFINITIONS = (
					"DEBUG=1",
					"$(inherited)",
				);
				GCC_WARN_64_TO_32_BIT_CONVERSION = YES;
				GCC_WARN_ABOUT_RETURN_TYPE = YES_ERROR;
				GCC_WARN_UNDECLARED_SELECTOR = YES;
				GCC_WARN_UNINITIALIZED_AUTOS = YES_AGGRESSIVE;
				GCC_WARN_UNUSED_FUNCTION = YES;
				GCC_WARN_UNUSED_VARIABLE = YES;
				IPHONEOS_DEPLOYMENT_TARGET = 11.1;
				MTL_ENABLE_DEBUG_INFO = YES;
				ONLY_ACTIVE_ARCH = YES;
				SDKROOT = iphoneos;
				SWIFT_ACTIVE_COMPILATION_CONDITIONS = DEBUG;
				SWIFT_OPTIMIZATION_LEVEL = "-Onone";
			};
			name = Debug;
		};
		2D494E311FB5EA31004BB81F /* Release */ = {
			isa = XCBuildConfiguration;
			buildSettings = {
				ALWAYS_SEARCH_USER_PATHS = NO;
				CLANG_ANALYZER_NONNULL = YES;
				CLANG_ANALYZER_NUMBER_OBJECT_CONVERSION = YES_AGGRESSIVE;
				CLANG_CXX_LANGUAGE_STANDARD = "gnu++14";
				CLANG_CXX_LIBRARY = "libc++";
				CLANG_ENABLE_MODULES = YES;
				CLANG_ENABLE_OBJC_ARC = YES;
				CLANG_WARN_BLOCK_CAPTURE_AUTORELEASING = YES;
				CLANG_WARN_BOOL_CONVERSION = YES;
				CLANG_WARN_COMMA = YES;
				CLANG_WARN_CONSTANT_CONVERSION = YES;
				CLANG_WARN_DIRECT_OBJC_ISA_USAGE = YES_ERROR;
				CLANG_WARN_DOCUMENTATION_COMMENTS = YES;
				CLANG_WARN_EMPTY_BODY = YES;
				CLANG_WARN_ENUM_CONVERSION = YES;
				CLANG_WARN_INFINITE_RECURSION = YES;
				CLANG_WARN_INT_CONVERSION = YES;
				CLANG_WARN_NON_LITERAL_NULL_CONVERSION = YES;
				CLANG_WARN_OBJC_LITERAL_CONVERSION = YES;
				CLANG_WARN_OBJC_ROOT_CLASS = YES_ERROR;
				CLANG_WARN_RANGE_LOOP_ANALYSIS = YES;
				CLANG_WARN_STRICT_PROTOTYPES = YES;
				CLANG_WARN_SUSPICIOUS_MOVE = YES;
				CLANG_WARN_UNGUARDED_AVAILABILITY = YES_AGGRESSIVE;
				CLANG_WARN_UNREACHABLE_CODE = YES;
				CLANG_WARN__DUPLICATE_METHOD_MATCH = YES;
				CODE_SIGN_IDENTITY = "iPhone Developer";
				COPY_PHASE_STRIP = NO;
				DEBUG_INFORMATION_FORMAT = "dwarf-with-dsym";
				ENABLE_NS_ASSERTIONS = NO;
				ENABLE_STRICT_OBJC_MSGSEND = YES;
				GCC_C_LANGUAGE_STANDARD = gnu11;
				GCC_NO_COMMON_BLOCKS = YES;
				GCC_WARN_64_TO_32_BIT_CONVERSION = YES;
				GCC_WARN_ABOUT_RETURN_TYPE = YES_ERROR;
				GCC_WARN_UNDECLARED_SELECTOR = YES;
				GCC_WARN_UNINITIALIZED_AUTOS = YES_AGGRESSIVE;
				GCC_WARN_UNUSED_FUNCTION = YES;
				GCC_WARN_UNUSED_VARIABLE = YES;
				IPHONEOS_DEPLOYMENT_TARGET = 11.1;
				MTL_ENABLE_DEBUG_INFO = NO;
				SDKROOT = iphoneos;
				SWIFT_OPTIMIZATION_LEVEL = "-Owholemodule";
				VALIDATE_PRODUCT = YES;
			};
			name = Release;
		};
		2D494E331FB5EA31004BB81F /* Debug */ = {
			isa = XCBuildConfiguration;
			baseConfigurationReference = 91B7072D7DBF6F6F2F2167C6 /* Pods-KeychainLocksmith.debug.xcconfig */;
			buildSettings = {
				ASSETCATALOG_COMPILER_APPICON_NAME = AppIcon;
				CODE_SIGN_STYLE = Automatic;
				DEVELOPMENT_TEAM = F7Z96QXV9V;
				INFOPLIST_FILE = KeychainLocksmith/Info.plist;
				LD_RUNPATH_SEARCH_PATHS = "$(inherited) @executable_path/Frameworks";
				PRODUCT_BUNDLE_IDENTIFIER = self.jonolivet.KeychainLocksmith;
				PRODUCT_NAME = "$(TARGET_NAME)";
				SWIFT_VERSION = 4.0;
				TARGETED_DEVICE_FAMILY = "1,2";
			};
			name = Debug;
		};
		2D494E341FB5EA31004BB81F /* Release */ = {
			isa = XCBuildConfiguration;
			baseConfigurationReference = CE5E953928196DF15D617C05 /* Pods-KeychainLocksmith.release.xcconfig */;
			buildSettings = {
				ASSETCATALOG_COMPILER_APPICON_NAME = AppIcon;
				CODE_SIGN_STYLE = Automatic;
				DEVELOPMENT_TEAM = F7Z96QXV9V;
				INFOPLIST_FILE = KeychainLocksmith/Info.plist;
				LD_RUNPATH_SEARCH_PATHS = "$(inherited) @executable_path/Frameworks";
				PRODUCT_BUNDLE_IDENTIFIER = self.jonolivet.KeychainLocksmith;
				PRODUCT_NAME = "$(TARGET_NAME)";
				SWIFT_VERSION = 4.0;
				TARGETED_DEVICE_FAMILY = "1,2";
			};
			name = Release;
		};
/* End XCBuildConfiguration section */

/* Begin XCConfigurationList section */
		2D494E1B1FB5EA31004BB81F /* Build configuration list for PBXProject "KeychainLocksmith" */ = {
			isa = XCConfigurationList;
			buildConfigurations = (
				2D494E301FB5EA31004BB81F /* Debug */,
				2D494E311FB5EA31004BB81F /* Release */,
			);
			defaultConfigurationIsVisible = 0;
			defaultConfigurationName = Release;
		};
		2D494E321FB5EA31004BB81F /* Build configuration list for PBXNativeTarget "KeychainLocksmith" */ = {
			isa = XCConfigurationList;
			buildConfigurations = (
				2D494E331FB5EA31004BB81F /* Debug */,
				2D494E341FB5EA31004BB81F /* Release */,
			);
			defaultConfigurationIsVisible = 0;
			defaultConfigurationName = Release;
		};
/* End XCConfigurationList section */
	};
	rootObject = 2D494E181FB5EA31004BB81F /* Project object */;
}
